
Microsoft Visual Studio Solution File, Format Version 12.00
# Visual Studio Version 16
VisualStudioVersion = 16.0.32106.194
MinimumVisualStudioVersion = 10.0.40219.1
Project("{FAE04EC0-301F-11D3-BF4B-00C04F79EFBC}") = "01. Data Types", "01. Data Types.csproj", "{D803D23C-00DF-4D76-A6FE-053E29CF1F70}"
EndProject
Project("{FAE04EC0-301F-11D3-BF4B-00C04F79EFBC}") = "02. Center Point", "..\02. Center Point\02. Center Point.csproj", "{F3A2AA8B-9F8C-4916-A8E4-7828D420A828}"
EndProject
Project("{FAE04EC0-301F-11D3-BF4B-00C04F79EFBC}") = "03. Longer Line", "..\03. Longer Line\03. Longer Line.csproj", "{5F7BA74C-DF56-44FC-B12B-7868F146AE2C}"
EndProject
Project("{FAE04EC0-301F-11D3-BF4B-00C04F79EFBC}") = "04. Tribonacci Sequence", "..\04. Tribonacci Sequence\04. Tribonacci Sequence.csproj", "{6FB1FD5D-34CA-40E6-8341-5CAC0CF9D489}"
EndProject
Project("{FAE04EC0-301F-11D3-BF4B-00C04F79EFBC}") = "05. Multiplication Sign", "..\05. Multiplication Sign\05. Multiplication Sign.csproj", "{FCBFE0C2-CFA9-4304-B545-74AA91B17B47}"
EndProject
Global
	GlobalSection(SolutionConfigurationPlatforms) = preSolution
		Debug|Any CPU = Debug|Any CPU
		Release|Any CPU = Release|Any CPU
	EndGlobalSection
	GlobalSection(ProjectConfigurationPlatforms) = postSolution
		{D803D23C-00DF-4D76-A6FE-053E29CF1F70}.Debug|Any CPU.ActiveCfg = Debug|Any CPU
		{D803D23C-00DF-4D76-A6FE-053E29CF1F70}.Debug|Any CPU.Build.0 = Debug|Any CPU
		{D803D23C-00DF-4D76-A6FE-053E29CF1F70}.Release|Any CPU.ActiveCfg = Release|Any CPU
		{D803D23C-00DF-4D76-A6FE-053E29CF1F70}.Release|Any CPU.Build.0 = Release|Any CPU
		{F3A2AA8B-9F8C-4916-A8E4-7828D420A828}.Debug|Any CPU.ActiveCfg = Debug|Any CPU
		{F3A2AA8B-9F8C-4916-A8E4-7828D420A828}.Debug|Any CPU.Build.0 = Debug|Any CPU
		{F3A2AA8B-9F8C-4916-A8E4-7828D420A828}.Release|Any CPU.ActiveCfg = Release|Any CPU
		{F3A2AA8B-9F8C-4916-A8E4-7828D420A828}.Release|Any CPU.Build.0 = Release|Any CPU
		{5F7BA74C-DF56-44FC-B12B-7868F146AE2C}.Debug|Any CPU.ActiveCfg = Debug|Any CPU
		{5F7BA74C-DF56-44FC-B12B-7868F146AE2C}.Debug|Any CPU.Build.0 = Debug|Any CPU
		{5F7BA74C-DF56-44FC-B12B-7868F146AE2C}.Release|Any CPU.ActiveCfg = Release|Any CPU
		{5F7BA74C-DF56-44FC-B12B-7868F146AE2C}.Release|Any CPU.Build.0 = Release|Any CPU
		{6FB1FD5D-34CA-40E6-8341-5CAC0CF9D489}.Debug|Any CPU.ActiveCfg = Debug|Any CPU
		{6FB1FD5D-34CA-40E6-8341-5CAC0CF9D489}.Debug|Any CPU.Build.0 = Debug|Any CPU
		{6FB1FD5D-34CA-40E6-8341-5CAC0CF9D489}.Release|Any CPU.ActiveCfg = Release|Any CPU
		{6FB1FD5D-34CA-40E6-8341-5CAC0CF9D489}.Release|Any CPU.Build.0 = Release|Any CPU
		{FCBFE0C2-CFA9-4304-B545-74AA91B17B47}.Debug|Any CPU.ActiveCfg = Debug|Any CPU
		{FCBFE0C2-CFA9-4304-B545-74AA91B17B47}.Debug|Any CPU.Build.0 = Debug|Any CPU
		{FCBFE0C2-CFA9-4304-B545-74AA91B17B47}.Release|Any CPU.ActiveCfg = Release|Any CPU
		{FCBFE0C2-CFA9-4304-B545-74AA91B17B47}.Release|Any CPU.Build.0 = Release|Any CPU
	EndGlobalSection
	GlobalSection(SolutionProperties) = preSolution
		HideSolutionNode = FALSE
	EndGlobalSection
	GlobalSection(ExtensibilityGlobals) = postSolution
		SolutionGuid = {95A7E76C-C4BE-48F3-9FDB-1F5E1710D64A}
	EndGlobalSection
EndGlobal
