
Microsoft Visual Studio Solution File, Format Version 12.00
# Visual Studio Version 16
VisualStudioVersion = 16.0.32228.343
MinimumVisualStudioVersion = 10.0.40219.1
Project("{FAE04EC0-301F-11D3-BF4B-00C04F79EFBC}") = "01. String Manipulator", "01. String Manipulator\01. String Manipulator.csproj", "{47E9B520-92AE-486A-ABCF-0F98979AE490}"
EndProject
Project("{FAE04EC0-301F-11D3-BF4B-00C04F79EFBC}") = "02. Message Translator", "02. Message Translator\02. Message Translator.csproj", "{6B2F8D46-D6DE-455E-BE87-05720E27C589}"
EndProject
Project("{FAE04EC0-301F-11D3-BF4B-00C04F79EFBC}") = "03. Dictionary", "03. Dictionary\03. Dictionary.csproj", "{13A6A5AF-8055-4A8D-827C-94FAC1CE56D0}"
EndProject
Global
	GlobalSection(SolutionConfigurationPlatforms) = preSolution
		Debug|Any CPU = Debug|Any CPU
		Release|Any CPU = Release|Any CPU
	EndGlobalSection
	GlobalSection(ProjectConfigurationPlatforms) = postSolution
		{47E9B520-92AE-486A-ABCF-0F98979AE490}.Debug|Any CPU.ActiveCfg = Debug|Any CPU
		{47E9B520-92AE-486A-ABCF-0F98979AE490}.Debug|Any CPU.Build.0 = Debug|Any CPU
		{47E9B520-92AE-486A-ABCF-0F98979AE490}.Release|Any CPU.ActiveCfg = Release|Any CPU
		{47E9B520-92AE-486A-ABCF-0F98979AE490}.Release|Any CPU.Build.0 = Release|Any CPU
		{6B2F8D46-D6DE-455E-BE87-05720E27C589}.Debug|Any CPU.ActiveCfg = Debug|Any CPU
		{6B2F8D46-D6DE-455E-BE87-05720E27C589}.Debug|Any CPU.Build.0 = Debug|Any CPU
		{6B2F8D46-D6DE-455E-BE87-05720E27C589}.Release|Any CPU.ActiveCfg = Release|Any CPU
		{6B2F8D46-D6DE-455E-BE87-05720E27C589}.Release|Any CPU.Build.0 = Release|Any CPU
		{13A6A5AF-8055-4A8D-827C-94FAC1CE56D0}.Debug|Any CPU.ActiveCfg = Debug|Any CPU
		{13A6A5AF-8055-4A8D-827C-94FAC1CE56D0}.Debug|Any CPU.Build.0 = Debug|Any CPU
		{13A6A5AF-8055-4A8D-827C-94FAC1CE56D0}.Release|Any CPU.ActiveCfg = Release|Any CPU
		{13A6A5AF-8055-4A8D-827C-94FAC1CE56D0}.Release|Any CPU.Build.0 = Release|Any CPU
	EndGlobalSection
	GlobalSection(SolutionProperties) = preSolution
		HideSolutionNode = FALSE
	EndGlobalSection
	GlobalSection(ExtensibilityGlobals) = postSolution
		SolutionGuid = {0ABA2ECC-F152-4F18-AEFF-765216619599}
	EndGlobalSection
EndGlobal
