
Microsoft Visual Studio Solution File, Format Version 12.00
# Visual Studio Version 16
VisualStudioVersion = 16.0.32126.315
MinimumVisualStudioVersion = 10.0.40219.1
Project("{FAE04EC0-301F-11D3-BF4B-00C04F79EFBC}") = "01. Messaging", "01. Messaging\01. Messaging.csproj", "{ED176270-F22B-4720-B22E-0EE7BB4044C5}"
EndProject
Project("{FAE04EC0-301F-11D3-BF4B-00C04F79EFBC}") = "02. Car Race", "02. Car Race\02. Car Race.csproj", "{93186D09-C820-4E50-A595-79F4D29E2C62}"
EndProject
Project("{FAE04EC0-301F-11D3-BF4B-00C04F79EFBC}") = "03. TakeSkip Rope", "03. TakeSkip Rope\03. TakeSkip Rope.csproj", "{4E9F6D73-F1FE-4896-A725-F1E6D41DC461}"
EndProject
Project("{FAE04EC0-301F-11D3-BF4B-00C04F79EFBC}") = "04. Mixed up Lists", "04. Mixed up Lists\04. Mixed up Lists.csproj", "{184E3704-D624-4F09-B394-6B9C3D4E3680}"
EndProject
Project("{FAE04EC0-301F-11D3-BF4B-00C04F79EFBC}") = "05. Drum Set", "05. Drum Set\05. Drum Set.csproj", "{3917C1B4-8802-42CC-9761-965B78F52F1E}"
EndProject
Global
	GlobalSection(SolutionConfigurationPlatforms) = preSolution
		Debug|Any CPU = Debug|Any CPU
		Release|Any CPU = Release|Any CPU
	EndGlobalSection
	GlobalSection(ProjectConfigurationPlatforms) = postSolution
		{ED176270-F22B-4720-B22E-0EE7BB4044C5}.Debug|Any CPU.ActiveCfg = Debug|Any CPU
		{ED176270-F22B-4720-B22E-0EE7BB4044C5}.Debug|Any CPU.Build.0 = Debug|Any CPU
		{ED176270-F22B-4720-B22E-0EE7BB4044C5}.Release|Any CPU.ActiveCfg = Release|Any CPU
		{ED176270-F22B-4720-B22E-0EE7BB4044C5}.Release|Any CPU.Build.0 = Release|Any CPU
		{93186D09-C820-4E50-A595-79F4D29E2C62}.Debug|Any CPU.ActiveCfg = Debug|Any CPU
		{93186D09-C820-4E50-A595-79F4D29E2C62}.Debug|Any CPU.Build.0 = Debug|Any CPU
		{93186D09-C820-4E50-A595-79F4D29E2C62}.Release|Any CPU.ActiveCfg = Release|Any CPU
		{93186D09-C820-4E50-A595-79F4D29E2C62}.Release|Any CPU.Build.0 = Release|Any CPU
		{4E9F6D73-F1FE-4896-A725-F1E6D41DC461}.Debug|Any CPU.ActiveCfg = Debug|Any CPU
		{4E9F6D73-F1FE-4896-A725-F1E6D41DC461}.Debug|Any CPU.Build.0 = Debug|Any CPU
		{4E9F6D73-F1FE-4896-A725-F1E6D41DC461}.Release|Any CPU.ActiveCfg = Release|Any CPU
		{4E9F6D73-F1FE-4896-A725-F1E6D41DC461}.Release|Any CPU.Build.0 = Release|Any CPU
		{184E3704-D624-4F09-B394-6B9C3D4E3680}.Debug|Any CPU.ActiveCfg = Debug|Any CPU
		{184E3704-D624-4F09-B394-6B9C3D4E3680}.Debug|Any CPU.Build.0 = Debug|Any CPU
		{184E3704-D624-4F09-B394-6B9C3D4E3680}.Release|Any CPU.ActiveCfg = Release|Any CPU
		{184E3704-D624-4F09-B394-6B9C3D4E3680}.Release|Any CPU.Build.0 = Release|Any CPU
		{3917C1B4-8802-42CC-9761-965B78F52F1E}.Debug|Any CPU.ActiveCfg = Debug|Any CPU
		{3917C1B4-8802-42CC-9761-965B78F52F1E}.Debug|Any CPU.Build.0 = Debug|Any CPU
		{3917C1B4-8802-42CC-9761-965B78F52F1E}.Release|Any CPU.ActiveCfg = Release|Any CPU
		{3917C1B4-8802-42CC-9761-965B78F52F1E}.Release|Any CPU.Build.0 = Release|Any CPU
	EndGlobalSection
	GlobalSection(SolutionProperties) = preSolution
		HideSolutionNode = FALSE
	EndGlobalSection
	GlobalSection(ExtensibilityGlobals) = postSolution
		SolutionGuid = {61968C23-F9CB-43EB-B696-AC43B43542DF}
	EndGlobalSection
EndGlobal
