
Microsoft Visual Studio Solution File, Format Version 12.00
# Visual Studio Version 16
VisualStudioVersion = 16.0.32228.343
MinimumVisualStudioVersion = 10.0.40219.1
Project("{FAE04EC0-301F-11D3-BF4B-00C04F79EFBC}") = "01. Sino The Walker", "01. Sino The Walker\01. Sino The Walker.csproj", "{BB494B8D-AA82-47DA-AFA4-0570F608CAF7}"
EndProject
Global
	GlobalSection(SolutionConfigurationPlatforms) = preSolution
		Debug|Any CPU = Debug|Any CPU
		Release|Any CPU = Release|Any CPU
	EndGlobalSection
	GlobalSection(ProjectConfigurationPlatforms) = postSolution
		{BB494B8D-AA82-47DA-AFA4-0570F608CAF7}.Debug|Any CPU.ActiveCfg = Debug|Any CPU
		{BB494B8D-AA82-47DA-AFA4-0570F608CAF7}.Debug|Any CPU.Build.0 = Debug|Any CPU
		{BB494B8D-AA82-47DA-AFA4-0570F608CAF7}.Release|Any CPU.ActiveCfg = Release|Any CPU
		{BB494B8D-AA82-47DA-AFA4-0570F608CAF7}.Release|Any CPU.Build.0 = Release|Any CPU
	EndGlobalSection
	GlobalSection(SolutionProperties) = preSolution
		HideSolutionNode = FALSE
	EndGlobalSection
	GlobalSection(ExtensibilityGlobals) = postSolution
		SolutionGuid = {1E9618A6-A952-4D09-BED5-82846D4700F7}
	EndGlobalSection
EndGlobal
